<?xml version="1.0" encoding="utf-8"?>
<Project ToolsVersion="4.0" xmlns="http://schemas.microsoft.com/developer/msbuild/2003">
  <ItemGroup>
    <Filter Include="Source Files">
      <UniqueIdentifier>{4FC737F1-C7A5-4376-A066-2A32D752A2FF}</UniqueIdentifier>
      <Extensions>cpp;c;cc;cxx;def;odl;idl;hpj;bat;asm;asmx</Extensions>
    </Filter>
    <Filter Include="Header Files">
      <UniqueIdentifier>{93995380-89BD-4b04-88EB-625FBE52EBFB}</UniqueIdentifier>
      <Extensions>h;hh;hpp;hxx;hm;inl;inc;xsd</Extensions>
    </Filter>
    <Filter Include="Resource Files">
      <UniqueIdentifier>{D9D6E242-F8AF-46E4-B9FD-80ECBC20BA3E}</UniqueIdentifier>
      <Extensions>qrc;*</Extensions>
      <ParseFiles>false</ParseFiles>
    </Filter>
    <Filter Include="Form Files">
      <UniqueIdentifier>{99349809-55BA-4b9d-BF79-8FDBB0286EB3}</UniqueIdentifier>
      <Extensions>ui</Extensions>
    </Filter>
    <Filter Include="Resource Files">
      <UniqueIdentifier>{D9D6E242-F8AF-46E4-B9FD-80ECBC20BA3E}</UniqueIdentifier>
      <Extensions>qrc;*</Extensions>
      <ParseFiles>false</ParseFiles>
    </Filter>
    <Filter Include="Generated Files">
      <UniqueIdentifier>{71ED8ED8-ACB9-4CE9-BBE1-E00B30144E11}</UniqueIdentifier>
      <Extensions>moc;h;cpp</Extensions>
      <SourceControlFiles>False</SourceControlFiles>
    </Filter>
  </ItemGroup>
  <ItemGroup>
    <ClCompile Include="main\src\Farmework.cpp">
      <Filter>Source Files</Filter>
    </ClCompile>
    <ClCompile Include="main\src\pch.cpp">
      <Filter>Source Files</Filter>
    </ClCompile>
    <ClCompile Include="TraceLog\src\BasicTraceLog.cpp">
      <Filter>Source Files</Filter>
    </ClCompile>
    <ClCompile Include="GeneratedFiles\Debug\moc_AddDateWidget.cpp">
      <Filter>Source Files</Filter>
    </ClCompile>
    <ClCompile Include="GeneratedFiles\Debug\moc_DicomWidget.cpp">
      <Filter>Source Files</Filter>
    </ClCompile>
    <ClCompile Include="GeneratedFiles\Debug\moc_MainWindow.cpp">
      <Filter>Source Files</Filter>
    </ClCompile>
    <ClCompile Include="GeneratedFiles\Debug\moc_SaveWidget.cpp">
      <Filter>Source Files</Filter>
    </ClCompile>
    <ClCompile Include="GeneratedFiles\Release\moc_AddDateWidget.cpp">
      <Filter>Source Files</Filter>
    </ClCompile>
    <ClCompile Include="GeneratedFiles\Release\moc_DicomWidget.cpp">
      <Filter>Source Files</Filter>
    </ClCompile>
    <ClCompile Include="GeneratedFiles\Release\moc_SaveWidget.cpp">
      <Filter>Source Files</Filter>
    </ClCompile>
    <ClCompile Include="Common\src\ParseVariableparameter.cpp">
      <Filter>Source Files</Filter>
    </ClCompile>
    <ClCompile Include="DataBase\base\src\BasicResultSet.cpp">
      <Filter>Source Files</Filter>
    </ClCompile>
    <ClCompile Include="DataBase\base\src\DataBaseObject.cpp">
      <Filter>Source Files</Filter>
    </ClCompile>
    <ClCompile Include="DataBase\base\src\DataBaseSelectColumn.cpp">
      <Filter>Source Files</Filter>
    </ClCompile>
    <ClCompile Include="DataBase\base\src\DBContentClause.cpp">
      <Filter>Source Files</Filter>
    </ClCompile>
    <ClCompile Include="DataBase\base\src\DBContentValues.cpp">
      <Filter>Source Files</Filter>
    </ClCompile>
    <ClCompile Include="DataBase\mysql\src\MysqlBDatebaseObject.cpp">
      <Filter>Source Files</Filter>
    </ClCompile>
    <ClCompile Include="DataBase\mysql\src\MysqlDataBase.cpp">
      <Filter>Source Files</Filter>
    </ClCompile>
    <ClCompile Include="DataBase\mysql\src\MysqlResultSet.cpp">
      <Filter>Source Files</Filter>
    </ClCompile>
    <ClCompile Include="DataBase\sqlite\src\SqliteDataBase.cpp">
      <Filter>Source Files</Filter>
    </ClCompile>
    <ClCompile Include="DataBase\sqlite\src\SqliteResultSet.cpp">
      <Filter>Source Files</Filter>
    </ClCompile>
    <ClCompile Include="Modules\ImageFilter\src\CBImageFilter.cpp">
      <Filter>Source Files</Filter>
    </ClCompile>
    <ClCompile Include="Modules\ImageFilter\src\CharImageFilter.cpp">
      <Filter>Source Files</Filter>
    </ClCompile>
    <ClCompile Include="Modules\ImageFilter\src\FloatImageFilter.cpp">
      <Filter>Source Files</Filter>
    </ClCompile>
    <ClCompile Include="Modules\ImageFilter\src\ImageFilter.cpp">
      <Filter>Source Files</Filter>
    </ClCompile>
    <ClCompile Include="Modules\ImageFilter\src\LabelImageFilter.cpp">
      <Filter>Source Files</Filter>
    </ClCompile>
    <ClCompile Include="Modules\ImageFilter\src\LoadImageHead.cpp">
      <Filter>Source Files</Filter>
    </ClCompile>
    <ClCompile Include="Modules\ImageFilter\src\SliceCBImageFilter.cpp">
      <Filter>Source Files</Filter>
    </ClCompile>
    <ClCompile Include="Modules\ImageFilter\src\SliceCharImageFilter.cpp">
      <Filter>Source Files</Filter>
    </ClCompile>
    <ClCompile Include="Modules\ImageFilter\src\SliceFloatImageFilter.cpp">
      <Filter>Source Files</Filter>
    </ClCompile>
    <ClCompile Include="Modules\ImageFilter\src\SliceImageFilter.cpp">
      <Filter>Source Files</Filter>
    </ClCompile>
    <ClCompile Include="Modules\ImageFilter\src\SliceLabelImageFilter.cpp">
      <Filter>Source Files</Filter>
    </ClCompile>
    <ClCompile Include="MemoryPool\src\MemoryChunk.cpp">
      <Filter>Source Files</Filter>
    </ClCompile>
    <ClCompile Include="MemoryPool\src\MemoryPool.cpp">
      <Filter>Source Files</Filter>
    </ClCompile>
    <ClCompile Include="MemoryPool\src\StaticMemory.cpp">
      <Filter>Source Files</Filter>
    </ClCompile>
    <ClCompile Include="ContorlLayer\Communicator\src\CommonLayer.cpp">
      <Filter>Source Files</Filter>
    </ClCompile>
    <ClCompile Include="Modules\ImageRendering\src\RenderingWindowsContorler.cpp">
      <Filter>Source Files</Filter>
    </ClCompile>
    <ClCompile Include="GeneratedFiles\Debug\moc_RenderWidget.cpp">
      <Filter>Source Files</Filter>
    </ClCompile>
    <ClCompile Include="GeneratedFiles\Debug\moc_VTKGraphicsView.cpp">
      <Filter>Source Files</Filter>
    </ClCompile>
    <ClCompile Include="Modules\ImageFilter\src\FastReadImage.cpp">
      <Filter>Source Files</Filter>
    </ClCompile>
    <ClCompile Include="DataBase\base\src\CreateTableColum.cpp">
      <Filter>Source Files</Filter>
    </ClCompile>
    <ClCompile Include="Modules\ImageFilter\src\ReadImageHead.cpp">
      <Filter>Source Files</Filter>
    </ClCompile>
    <ClCompile Include="UI\db\src\UISqlMgr.cpp">
      <Filter>Source Files</Filter>
    </ClCompile>
    <ClCompile Include="Common\src\CommonFunction.cpp">
      <Filter>Source Files</Filter>
    </ClCompile>
    <ClCompile Include="ContorlLayer\Controler\src\MathematicalGeometryCTL.cpp">
      <Filter>Source Files</Filter>
    </ClCompile>
    <ClCompile Include="ContorlLayer\DB\src\DicomHeadTable.cpp">
      <Filter>Source Files</Filter>
    </ClCompile>
    <ClCompile Include="DataSet\Dicom\MathGeometry.cpp">
      <Filter>Source Files</Filter>
    </ClCompile>
    <ClCompile Include="GeneratedFiles\Debug\moc_InfoTableWidget.cpp">
      <Filter>Source Files</Filter>
    </ClCompile>
    <ClCompile Include="GeneratedFiles\Debug\moc_PathTableWidget.cpp">
      <Filter>Source Files</Filter>
    </ClCompile>
    <ClCompile Include="Modules\ImageRendering\src\VolumeMathematicalGeometry.cpp">
      <Filter>Source Files</Filter>
    </ClCompile>
    <ClCompile Include="GeneratedFiles\Release\moc_InfoTableWidget.cpp">
      <Filter>Source Files</Filter>
    </ClCompile>
    <ClCompile Include="GeneratedFiles\Release\moc_PathMgr.cpp">
      <Filter>Source Files</Filter>
    </ClCompile>
    <ClCompile Include="GeneratedFiles\Release\moc_PathTableWidget.cpp">
      <Filter>Source Files</Filter>
    </ClCompile>
    <ClCompile Include="GeneratedFiles\Release\moc_RenderWidget.cpp">
      <Filter>Source Files</Filter>
    </ClCompile>
    <ClCompile Include="GeneratedFiles\Release\moc_VTKGraphicsView.cpp">
      <Filter>Source Files</Filter>
    </ClCompile>
    <ClCompile Include="DataSet\src\MathGeometry.cpp">
      <Filter>Source Files</Filter>
    </ClCompile>
    <ClCompile Include="DataSet\src\MathGeometryNode.cpp">
      <Filter>Source Files</Filter>
    </ClCompile>
    <ClCompile Include="GeneratedFiles\Debug\moc_PathMgr.cpp">
      <Filter>Source Files</Filter>
    </ClCompile>
    <ClCompile Include="GeneratedFiles\Release\moc_MainWindow.cpp">
      <Filter>Source Files</Filter>
    </ClCompile>
    <ClCompile Include="Modules\ImageFilter\src\BasicImageFilterObject.cxx">
      <Filter>Source Files</Filter>
    </ClCompile>
    <ClCompile Include="Modules\ImageFilter\src\DataTransformBase.cxx">
      <Filter>Source Files</Filter>
    </ClCompile>
    <ClCompile Include="Modules\ImageFilter\src\ImageReadObject.cxx">
      <Filter>Source Files</Filter>
    </ClCompile>
    <ClCompile Include="ContorlLayer\Controler\src\RendringControllerBase.cpp">
      <Filter>Source Files</Filter>
    </ClCompile>
    <ClCompile Include="ContorlLayer\Controler\src\VolumeProperty.cpp">
      <Filter>Source Files</Filter>
    </ClCompile>
    <ClCompile Include="ContorlLayer\Controler\src\VolumeRenderController.cpp">
      <Filter>Source Files</Filter>
    </ClCompile>
    <ClCompile Include="GeneratedFiles\Debug\moc_VPSettingWidget.cpp">
      <Filter>Source Files</Filter>
    </ClCompile>
    <ClCompile Include="GeneratedFiles\Debug\moc_GradientOpacityGraphicsView.cpp">
      <Filter>Source Files</Filter>
    </ClCompile>
    <ClCompile Include="GeneratedFiles\Debug\moc_ScalarColorMappingGraphicsView.cpp">
      <Filter>Source Files</Filter>
    </ClCompile>
    <ClCompile Include="GeneratedFiles\Debug\moc_ScalarOpacityMappingGraphicsView.cpp">
      <Filter>Source Files</Filter>
    </ClCompile>
    <ClCompile Include="Tools\src\CommonTools.cpp">
      <Filter>Source Files</Filter>
    </ClCompile>
    <ClCompile Include="Tools\src\CpuUtilzation.cpp">
      <Filter>Source Files</Filter>
    </ClCompile>
    <ClCompile Include="Tools\src\UserTools.cpp">
      <Filter>Source Files</Filter>
    </ClCompile>
    <ClCompile Include="UI\MainWindow\src\MainWindow.cpp">
      <Filter>Source Files</Filter>
    </ClCompile>
    <ClCompile Include="UI\MainWindow\src\AddDateWidget.cpp">
      <Filter>Source Files</Filter>
    </ClCompile>
    <ClCompile Include="UI\MainWindow\src\DicomWidget.cpp">
      <Filter>Source Files</Filter>
    </ClCompile>
    <ClCompile Include="UI\MainWindow\src\SaveWidget.cpp">
      <Filter>Source Files</Filter>
    </ClCompile>
    <ClCompile Include="UI\RenderWidget\VP\VPSetting\src\VPSettingWidget.cpp">
      <Filter>Source Files</Filter>
    </ClCompile>
    <ClCompile Include="UI\RenderWidget\Render\src\RenderWidget.cpp">
      <Filter>Source Files</Filter>
    </ClCompile>
    <ClCompile Include="UI\RenderWidget\Info\src\InfoTableWidget.cpp">
      <Filter>Source Files</Filter>
    </ClCompile>
    <ClCompile Include="UI\RenderWidget\Info\src\PathTableWidget.cpp">
      <Filter>Source Files</Filter>
    </ClCompile>
    <ClCompile Include="UI\RenderWidget\VP\VPMapping\src\GradientOpacityGraphicsView.cpp">
      <Filter>Source Files</Filter>
    </ClCompile>
    <ClCompile Include="UI\RenderWidget\VP\VPMapping\src\ScalarColorMappingGraphicsView.cpp">
      <Filter>Source Files</Filter>
    </ClCompile>
    <ClCompile Include="UI\RenderWidget\VP\VPMapping\src\ScalarOpacityMappingGraphicsView.cpp">
      <Filter>Source Files</Filter>
    </ClCompile>
    <ClCompile Include="UI\RenderWidget\Render\src\VTKGraphicsView.cpp">
      <Filter>Source Files</Filter>
    </ClCompile>
    <ClCompile Include="UI\RenderWidget\Render\src\PathMgr.cpp">
      <Filter>Source Files</Filter>
    </ClCompile>
    <ClCompile Include="UI\RenderWidget\Render\src\VTKShow3DWidget.cpp">
      <Filter>Source Files</Filter>
    </ClCompile>
    <ClCompile Include="GeneratedFiles\Debug\moc_RawDataTableWidget.cpp">
      <Filter>Source Files</Filter>
    </ClCompile>
    <ClCompile Include="GeneratedFiles\Debug\moc_VTKShow3DWidget.cpp">
      <Filter>Source Files</Filter>
    </ClCompile>
    <ClCompile Include="GeneratedFiles\Release\moc_GradientOpacityGraphicsView.cpp">
      <Filter>Source Files</Filter>
    </ClCompile>
    <ClCompile Include="GeneratedFiles\Release\moc_ScalarColorMappingGraphicsView.cpp">
      <Filter>Source Files</Filter>
    </ClCompile>
    <ClCompile Include="GeneratedFiles\Release\moc_ScalarOpacityMappingGraphicsView.cpp">
      <Filter>Source Files</Filter>
    </ClCompile>
    <ClCompile Include="GeneratedFiles\Release\moc_VPSettingWidget.cpp">
      <Filter>Source Files</Filter>
    </ClCompile>
    <ClCompile Include="GeneratedFiles\Release\moc_RawDataTableWidget.cpp">
      <Filter>Source Files</Filter>
    </ClCompile>
    <ClCompile Include="GeneratedFiles\Release\moc_VTKShow3DWidget.cpp">
      <Filter>Source Files</Filter>
    </ClCompile>
    <ClCompile Include="UI\FileWidget\Graphics\src\ImageGraphicsView.cpp">
      <Filter>Source Files</Filter>
    </ClCompile>
    <ClCompile Include="UI\FileWidget\TableWidget\src\CasePlanTableWidget.cpp">
      <Filter>Source Files</Filter>
    </ClCompile>
    <ClCompile Include="UI\FileWidget\TableWidget\src\PatientCaseTableWidget.cpp">
      <Filter>Source Files</Filter>
    </ClCompile>
    <ClCompile Include="UI\FileWidget\TableWidget\src\RawDataTableWidget.cpp">
      <Filter>Source Files</Filter>
    </ClCompile>
    <ClCompile Include="UI\FileWidget\Widget\src\FileWidget.cpp">
      <Filter>Source Files</Filter>
    </ClCompile>
    <ClCompile Include="GeneratedFiles\Release\moc_CasePlanTableWidget.cpp">
      <Filter>Source Files</Filter>
    </ClCompile>
    <ClCompile Include="GeneratedFiles\Release\moc_FileWidget.cpp">
      <Filter>Source Files</Filter>
    </ClCompile>
    <ClCompile Include="GeneratedFiles\Release\moc_ImageGraphicsView.cpp">
      <Filter>Source Files</Filter>
    </ClCompile>
    <ClCompile Include="GeneratedFiles\Release\moc_PatientCaseTableWidget.cpp">
      <Filter>Source Files</Filter>
    </ClCompile>
    <ClCompile Include="ContorlLayer\Controler\src\CalibrationController.cpp">
      <Filter>Source Files</Filter>
    </ClCompile>
    <ClCompile Include="ContorlLayer\Controler\src\DisplayMessage.cpp">
      <Filter>Source Files</Filter>
    </ClCompile>
    <ClCompile Include="ContorlLayer\Controler\src\ImageFilterContorller.cpp">
      <Filter>Source Files</Filter>
    </ClCompile>
    <ClCompile Include="ContorlLayer\Controler\src\RoutePlanningContorller.cpp">
      <Filter>Source Files</Filter>
    </ClCompile>
    <ClCompile Include="Modules\CalibrationPlate\src\BasicImageProcessing.cpp">
      <Filter>Source Files</Filter>
    </ClCompile>
    <ClCompile Include="Modules\CalibrationPlate\src\ImagePointsFilterProcessing.cpp">
      <Filter>Source Files</Filter>
    </ClCompile>
    <ClCompile Include="Modules\CalibrationPlate\src\OrderingProcessing.cpp">
      <Filter>Source Files</Filter>
    </ClCompile>
    <ClCompile Include="UI\ModuleWidget\src\ModuleWidget.cpp">
      <Filter>Source Files</Filter>
    </ClCompile>
    <ClCompile Include="GeneratedFiles\Debug\moc_CasePlanTableWidget.cpp">
      <Filter>Source Files</Filter>
    </ClCompile>
    <ClCompile Include="GeneratedFiles\Debug\moc_FileWidget.cpp">
      <Filter>Source Files</Filter>
    </ClCompile>
    <ClCompile Include="GeneratedFiles\Debug\moc_ImageGraphicsView.cpp">
      <Filter>Source Files</Filter>
    </ClCompile>
    <ClCompile Include="GeneratedFiles\Debug\moc_ModuleWidget.cpp">
      <Filter>Source Files</Filter>
    </ClCompile>
    <ClCompile Include="GeneratedFiles\Debug\moc_PatientCaseTableWidget.cpp">
      <Filter>Source Files</Filter>
    </ClCompile>
    <ClCompile Include="UI\MainWindow\src\CloseDialog.cpp">
      <Filter>Source Files</Filter>
    </ClCompile>
    <ClCompile Include="GeneratedFiles\Debug\moc_CloseDialog.cpp">
      <Filter>Source Files</Filter>
    </ClCompile>
    <ClCompile Include="UI\LoginWidget\src\LoginWidget.cpp">
      <Filter>Source Files</Filter>
    </ClCompile>
    <ClCompile Include="UI\LoginWidget\src\LoginPanel.cpp">
      <Filter>Source Files</Filter>
    </ClCompile>
    <ClCompile Include="GeneratedFiles\Debug\moc_LoginPanel.cpp">
      <Filter>Source Files</Filter>
    </ClCompile>
    <ClCompile Include="GeneratedFiles\Debug\moc_LoginWidget.cpp">
      <Filter>Source Files</Filter>
    </ClCompile>
    <ClCompile Include="UI\LoginWidget\src\TwoDcode.cpp">
      <Filter>Source Files</Filter>
    </ClCompile>
    <ClCompile Include="GeneratedFiles\Debug\moc_TwoDcode.cpp">
      <Filter>Source Files</Filter>
    </ClCompile>
    <ClCompile Include="UI\LoginWidget\src\AboutUs.cpp">
      <Filter>Source Files</Filter>
    </ClCompile>
    <ClCompile Include="GeneratedFiles\Debug\moc_AboutUs.cpp">
      <Filter>Source Files</Filter>
    </ClCompile>
    <ClCompile Include="Modules\CalibrationPlate\src\ClearPointProcessing.cpp">
      <Filter>Source Files</Filter>
    </ClCompile>
    <ClCompile Include="Modules\CalibrationPlate\src\ExternalCalibrationProcessing.cpp">
      <Filter>Source Files</Filter>
    </ClCompile>
    <ClCompile Include="UI\FileWidget\ToolDialog\PatientCaseAdd\src\PatientCaseAddDialog.cpp">
      <Filter>Source Files</Filter>
    </ClCompile>
    <ClCompile Include="GeneratedFiles\Debug\moc_PatientCaseAddDialog.cpp">
      <Filter>Source Files</Filter>
    </ClCompile>
    <ClCompile Include="GeneratedFiles\Release\moc_AboutUs.cpp">
      <Filter>Source Files</Filter>
    </ClCompile>
    <ClCompile Include="GeneratedFiles\Release\moc_CloseDialog.cpp">
      <Filter>Source Files</Filter>
    </ClCompile>
    <ClCompile Include="GeneratedFiles\Release\moc_LoginPanel.cpp">
      <Filter>Source Files</Filter>
    </ClCompile>
    <ClCompile Include="GeneratedFiles\Release\moc_LoginWidget.cpp">
      <Filter>Source Files</Filter>
    </ClCompile>
    <ClCompile Include="GeneratedFiles\Release\moc_ModuleWidget.cpp">
      <Filter>Source Files</Filter>
    </ClCompile>
    <ClCompile Include="GeneratedFiles\Release\moc_TwoDcode.cpp">
      <Filter>Source Files</Filter>
    </ClCompile>
    <ClCompile Include="UI\FileWidget\ToolDialog\Warning\src\Warning.cpp">
      <Filter>Source Files</Filter>
    </ClCompile>
    <ClCompile Include="UI\FileWidget\ToolDialog\PatientCaseEdit\src\PatientCaseEditDialog.cpp">
      <Filter>Source Files</Filter>
    </ClCompile>
    <ClCompile Include="GeneratedFiles\Debug\moc_Warning.cpp">
      <Filter>Source Files</Filter>
    </ClCompile>
  </ItemGroup>
  <ItemGroup>
    <QtUic Include="UI\MainWindow\form\MainWindow.ui">
      <Filter>Form Files</Filter>
    </QtUic>
    <QtUic Include="UI\MainWindow\form\AddDateWidget.ui">
      <Filter>Form Files</Filter>
    </QtUic>
    <QtUic Include="UI\MainWindow\form\DicomWidget.ui">
      <Filter>Form Files</Filter>
    </QtUic>
    <QtUic Include="UI\MainWindow\form\SaveWidget.ui">
      <Filter>Form Files</Filter>
    </QtUic>
    <QtUic Include="UI\RenderWidget\VP\VPSetting\from\VPSettingWidget.ui">
      <Filter>Form Files</Filter>
    </QtUic>
    <QtUic Include="UI\RenderWidget\Render\form\RenderWidget.ui">
      <Filter>Form Files</Filter>
    </QtUic>
    <QtUic Include="UI\FileWidget\Widget\form\FileWidget.ui">
      <Filter>Form Files</Filter>
    </QtUic>
    <QtUic Include="UI\ModuleWidget\form\ModuleWidget.ui">
      <Filter>Form Files</Filter>
    </QtUic>
    <QtUic Include="UI\MainWindow\form\CloseDialog.ui">
      <Filter>Form Files</Filter>
    </QtUic>
    <QtUic Include="UI\LoadWidget\form\LoadWidget.ui">
      <Filter>Form Files</Filter>
    </QtUic>
    <QtUic Include="UI\LoginWidget\form\LoginWidget.ui">
      <Filter>Form Files</Filter>
    </QtUic>
    <QtUic Include="UI\LoginWidget\form\LoginPanel.ui">
      <Filter>Form Files</Filter>
    </QtUic>
    <QtUic Include="UI\LoginWidget\form\TwoDcode.ui">
      <Filter>Form Files</Filter>
    </QtUic>
    <QtUic Include="UI\LoginWidget\form\AboutUs.ui">
      <Filter>Form Files</Filter>
    </QtUic>
    <QtUic Include="UI\FileWidget\ToolDialog\PatientCaseAdd\form\PatientCaseAddDialog.ui">
      <Filter>Form Files</Filter>
    </QtUic>
    <QtUic Include="UI\FileWidget\ToolDialog\Warning\form\Warning.ui">
      <Filter>Form Files</Filter>
    </QtUic>
    <QtUic Include="UI\FileWidget\ToolDialog\PatientCaseEdit\form\PatientCaseEditDialog.ui">
      <Filter>Form Files</Filter>
    </QtUic>
    <QtUic Include="UI\FileWidget\ToolDialog\RawDataFromPACS\form\RawDataFromPACSDialog.ui">
      <Filter>Form Files</Filter>
    </QtUic>
  </ItemGroup>
  <ItemGroup>
    <QtMoc Include="UI\MainWindow\include\MainWindow.h">
      <Filter>Header Files</Filter>
    </QtMoc>
    <QtMoc Include="UI\MainWindow\include\AddDateWidget.h">
      <Filter>Header Files</Filter>
    </QtMoc>
    <QtMoc Include="UI\MainWindow\include\DicomWidget.h">
      <Filter>Header Files</Filter>
    </QtMoc>
    <QtMoc Include="UI\MainWindow\include\SaveWidget.h">
      <Filter>Header Files</Filter>
    </QtMoc>
    <QtMoc Include="UI\RenderWidget\VP\VPSetting\include\VPSettingWidget.h">
      <Filter>Header Files</Filter>
    </QtMoc>
    <QtMoc Include="UI\RenderWidget\Render\include\RenderWidget.h">
      <Filter>Header Files</Filter>
    </QtMoc>
    <QtMoc Include="UI\RenderWidget\Info\include\InfoTableWidget.h">
      <Filter>Header Files</Filter>
    </QtMoc>
    <QtMoc Include="UI\RenderWidget\Info\include\PathTableWidget.h">
      <Filter>Header Files</Filter>
    </QtMoc>
    <QtMoc Include="UI\RenderWidget\VP\VPMapping\include\GradientOpacityGraphicsView.h">
      <Filter>Header Files</Filter>
    </QtMoc>
    <QtMoc Include="UI\RenderWidget\VP\VPMapping\include\ScalarColorMappingGraphicsView.h">
      <Filter>Header Files</Filter>
    </QtMoc>
    <QtMoc Include="UI\RenderWidget\VP\VPMapping\include\ScalarOpacityMappingGraphicsView.h">
      <Filter>Header Files</Filter>
    </QtMoc>
    <QtMoc Include="UI\RenderWidget\Render\include\VTKGraphicsView.h">
      <Filter>Header Files</Filter>
    </QtMoc>
    <QtMoc Include="UI\RenderWidget\Render\include\PathMgr.h">
      <Filter>Header Files</Filter>
    </QtMoc>
    <QtMoc Include="UI\RenderWidget\Render\include\VTKShow3DWidget.h">
      <Filter>Header Files</Filter>
    </QtMoc>
    <QtMoc Include="UI\FileWidget\Graphics\include\ImageGraphicsView.h">
      <Filter>Header Files</Filter>
    </QtMoc>
    <QtMoc Include="UI\FileWidget\TableWidget\include\CasePlanTableWidget.h">
      <Filter>Header Files</Filter>
    </QtMoc>
    <QtMoc Include="UI\FileWidget\TableWidget\include\PatientCaseTableWidget.h">
      <Filter>Header Files</Filter>
    </QtMoc>
    <QtMoc Include="UI\FileWidget\TableWidget\include\RawDataTableWidget.h">
      <Filter>Header Files</Filter>
    </QtMoc>
    <QtMoc Include="UI\FileWidget\Widget\include\FileWidget.h">
      <Filter>Header Files</Filter>
    </QtMoc>
    <QtMoc Include="UI\ModuleWidget\include\ModuleWidget.h">
      <Filter>Header Files</Filter>
    </QtMoc>
    <QtMoc Include="UI\MainWindow\include\CloseDialog.h">
      <Filter>Header Files</Filter>
    </QtMoc>
    <QtMoc Include="UI\LoginWidget\include\LoginWidget.h">
      <Filter>Header Files</Filter>
    </QtMoc>
    <QtMoc Include="UI\LoginWidget\include\LoginPanel.h">
      <Filter>Header Files</Filter>
    </QtMoc>
    <QtMoc Include="UI\LoginWidget\include\TwoDcode.h">
      <Filter>Header Files</Filter>
    </QtMoc>
    <QtMoc Include="UI\LoginWidget\include\AboutUs.h">
      <Filter>Header Files</Filter>
    </QtMoc>
    <QtMoc Include="UI\FileWidget\ToolDialog\PatientCaseAdd\include\PatientCaseAddDialog.h">
      <Filter>Header Files</Filter>
    </QtMoc>
    <QtMoc Include="UI\FileWidget\ToolDialog\Warning\include\Warning.h">
      <Filter>Header Files</Filter>
    </QtMoc>
    <QtMoc Include="UI\FileWidget\ToolDialog\PatientCaseEdit\include\PatientCaseEditDialog.h">
      <Filter>Header Files</Filter>
    </QtMoc>
  </ItemGroup>
  <ItemGroup>
    <ClInclude Include="Common\include\FrameworkLibrary.h">
      <Filter>Header Files</Filter>
    </ClInclude>
    <ClInclude Include="DataSet\include\UICommunicationData.h">
      <Filter>Header Files</Filter>
    </ClInclude>
    <ClInclude Include="main\include\FrameworkInitialize.h">
      <Filter>Header Files</Filter>
    </ClInclude>
    <ClInclude Include="main\include\pch.h">
      <Filter>Header Files</Filter>
    </ClInclude>
    <ClInclude Include="TraceLog\include\BasicTraceLog.h">
      <Filter>Header Files</Filter>
    </ClInclude>
    <ClInclude Include="TraceLog\include\TraceLogExporter.h">
      <Filter>Header Files</Filter>
    </ClInclude>
    <ClInclude Include="DataSet\Container\ContainerDefine.h">
      <Filter>Header Files</Filter>
    </ClInclude>
    <ClInclude Include="DataSet\Container\KeyInPoint2d.hxx">
      <Filter>Header Files</Filter>
    </ClInclude>
    <ClInclude Include="DataSet\Container\KeyinPoint3d.hxx">
      <Filter>Header Files</Filter>
    </ClInclude>
    <ClInclude Include="DataSet\Container\KeyinVector2.hxx">
      <Filter>Header Files</Filter>
    </ClInclude>
    <ClInclude Include="DataSet\Container\KeyinVector3.hxx">
      <Filter>Header Files</Filter>
    </ClInclude>
    <ClInclude Include="DataSet\Dicom\BasicDicomObject.hxx">
      <Filter>Header Files</Filter>
    </ClInclude>
    <ClInclude Include="DataSet\Dicom\DicomValueObject.hxx">
      <Filter>Header Files</Filter>
    </ClInclude>
    <ClInclude Include="GeneratedFiles\ui_AddDateWidget.h">
      <Filter>Header Files</Filter>
    </ClInclude>
    <ClInclude Include="GeneratedFiles\ui_DicomWidget.h">
      <Filter>Header Files</Filter>
    </ClInclude>
    <ClInclude Include="GeneratedFiles\ui_MainWindow.h">
      <Filter>Header Files</Filter>
    </ClInclude>
    <ClInclude Include="GeneratedFiles\ui_RenderWidget.h">
      <Filter>Header Files</Filter>
    </ClInclude>
    <ClInclude Include="Common\include\FrameCommonFunctionMacro.h">
      <Filter>Header Files</Filter>
    </ClInclude>
    <ClInclude Include="Common\include\FrameworkCommon.h">
      <Filter>Header Files</Filter>
    </ClInclude>
    <ClInclude Include="Common\include\FrameworkDefine.h">
      <Filter>Header Files</Filter>
    </ClInclude>
    <ClInclude Include="Common\include\FrameworkErrorCode.h">
      <Filter>Header Files</Filter>
    </ClInclude>
    <ClInclude Include="Common\include\FrameWorkType.h">
      <Filter>Header Files</Filter>
    </ClInclude>
    <ClInclude Include="Common\include\ParseVariableparameter.h">
      <Filter>Header Files</Filter>
    </ClInclude>
    <ClInclude Include="DataBase\base\include\BasicResultSet.h">
      <Filter>Header Files</Filter>
    </ClInclude>
    <ClInclude Include="DataBase\base\include\DataBaseClassMacro.h">
      <Filter>Header Files</Filter>
    </ClInclude>
    <ClInclude Include="DataBase\base\include\DataBaseCommon.h">
      <Filter>Header Files</Filter>
    </ClInclude>
    <ClInclude Include="DataBase\base\include\DataBaseObject.h">
      <Filter>Header Files</Filter>
    </ClInclude>
    <ClInclude Include="DataBase\base\include\DataBaseProfiles.h">
      <Filter>Header Files</Filter>
    </ClInclude>
    <ClInclude Include="DataBase\base\include\DataBaseSelectColumn.h">
      <Filter>Header Files</Filter>
    </ClInclude>
    <ClInclude Include="DataBase\base\include\DBContentClause.h">
      <Filter>Header Files</Filter>
    </ClInclude>
    <ClInclude Include="DataBase\base\include\DBContentValues.h">
      <Filter>Header Files</Filter>
    </ClInclude>
    <ClInclude Include="DataBase\mysql\include\MysqlBasicObjectManager.h">
      <Filter>Header Files</Filter>
    </ClInclude>
    <ClInclude Include="DataBase\mysql\include\MysqlBDatebaseObject.h">
      <Filter>Header Files</Filter>
    </ClInclude>
    <ClInclude Include="DataBase\mysql\include\MysqlDataBase.h">
      <Filter>Header Files</Filter>
    </ClInclude>
    <ClInclude Include="DataBase\mysql\include\MysqlResultSet.h">
      <Filter>Header Files</Filter>
    </ClInclude>
    <ClInclude Include="DataBase\sqlite\include\SqliteDataBase.h">
      <Filter>Header Files</Filter>
    </ClInclude>
    <ClInclude Include="DataBase\sqlite\include\SqliteResultSet.h">
      <Filter>Header Files</Filter>
    </ClInclude>
    <ClInclude Include="Modules\CommonModule\include\CommonModulesLibrary.hxx">
      <Filter>Header Files</Filter>
    </ClInclude>
    <ClInclude Include="Modules\CommonModule\include\ItkCommonDefine.hxx">
      <Filter>Header Files</Filter>
    </ClInclude>
    <ClInclude Include="Modules\CommonModule\include\ItkImportLibrary.hxx">
      <Filter>Header Files</Filter>
    </ClInclude>
    <ClInclude Include="Modules\Communicator\include\CommonImageFilterCtl.hxx">
      <Filter>Header Files</Filter>
    </ClInclude>
    <ClInclude Include="Modules\ImageFilter\include\BasicImageFilterObject.hxx">
      <Filter>Header Files</Filter>
    </ClInclude>
    <ClInclude Include="Modules\ImageFilter\include\CBImageFilter.h">
      <Filter>Header Files</Filter>
    </ClInclude>
    <ClInclude Include="Modules\ImageFilter\include\CharImageFilter.h">
      <Filter>Header Files</Filter>
    </ClInclude>
    <ClInclude Include="Modules\ImageFilter\include\ClassImageFilterMacro.hxx">
      <Filter>Header Files</Filter>
    </ClInclude>
    <ClInclude Include="Modules\ImageFilter\include\DataTransformBase.hxx">
      <Filter>Header Files</Filter>
    </ClInclude>
    <ClInclude Include="Modules\ImageFilter\include\FloatImageFilter.h">
      <Filter>Header Files</Filter>
    </ClInclude>
    <ClInclude Include="Modules\ImageFilter\include\ImageFilter.h">
      <Filter>Header Files</Filter>
    </ClInclude>
    <ClInclude Include="Modules\ImageFilter\include\ImageReadObject.hxx">
      <Filter>Header Files</Filter>
    </ClInclude>
    <ClInclude Include="Modules\ImageFilter\include\LabelImageFilter.h">
      <Filter>Header Files</Filter>
    </ClInclude>
    <ClInclude Include="Modules\ImageFilter\include\LoadImageHead.h">
      <Filter>Header Files</Filter>
    </ClInclude>
    <ClInclude Include="Modules\ImageFilter\include\ReconditeImageFilter.h">
      <Filter>Header Files</Filter>
    </ClInclude>
    <ClInclude Include="Modules\ImageFilter\include\SliceCBImageFilter.h">
      <Filter>Header Files</Filter>
    </ClInclude>
    <ClInclude Include="Modules\ImageFilter\include\SliceCharImageFilter.h">
      <Filter>Header Files</Filter>
    </ClInclude>
    <ClInclude Include="Modules\ImageFilter\include\SliceFloatImageFilter.h">
      <Filter>Header Files</Filter>
    </ClInclude>
    <ClInclude Include="Modules\ImageFilter\include\SliceImageFilter.h">
      <Filter>Header Files</Filter>
    </ClInclude>
    <ClInclude Include="Modules\ImageFilter\include\SliceLabelImageFilter.h">
      <Filter>Header Files</Filter>
    </ClInclude>
    <ClInclude Include="MemoryPool\include\MemoryChunk.h">
      <Filter>Header Files</Filter>
    </ClInclude>
    <ClInclude Include="MemoryPool\include\MemoryManager.h">
      <Filter>Header Files</Filter>
    </ClInclude>
    <ClInclude Include="MemoryPool\include\MemoryPool.h">
      <Filter>Header Files</Filter>
    </ClInclude>
    <ClInclude Include="MemoryPool\include\MemoryPrivateHeader.h">
      <Filter>Header Files</Filter>
    </ClInclude>
    <ClInclude Include="MemoryPool\include\StaticMemory.h">
      <Filter>Header Files</Filter>
    </ClInclude>
    <ClInclude Include="ContorlLayer\Communicator\include\CommonLayer.h">
      <Filter>Header Files</Filter>
    </ClInclude>
    <ClInclude Include="ContorlLayer\Controler\include\RendringCTL.h">
      <Filter>Header Files</Filter>
    </ClInclude>
    <ClInclude Include="ContorlLayer\Signal\Sender.hxx">
      <Filter>Header Files</Filter>
    </ClInclude>
    <ClInclude Include="ContorlLayer\Signal\SignalBaseObject.hxx">
      <Filter>Header Files</Filter>
    </ClInclude>
    <ClInclude Include="ContorlLayer\Slot\Receiver.hxx">
      <Filter>Header Files</Filter>
    </ClInclude>
    <ClInclude Include="ContorlLayer\Slot\SlotBaseObject.hxx">
      <Filter>Header Files</Filter>
    </ClInclude>
    <ClInclude Include="Modules\ImageRendering\include\RenderingWindowsContorler.h">
      <Filter>Header Files</Filter>
    </ClInclude>
    <ClInclude Include="Modules\CommonModule\include\ModulesCommonMacro.h">
      <Filter>Header Files</Filter>
    </ClInclude>
    <ClInclude Include="Modules\ImageFilter\include\FastReadImage.h">
      <Filter>Header Files</Filter>
    </ClInclude>
    <ClInclude Include="DataBase\base\include\CreateTableColum.h">
      <Filter>Header Files</Filter>
    </ClInclude>
    <ClInclude Include="DataBase\DataBaseCommon\DataBaseCommunicator.h">
      <Filter>Header Files</Filter>
    </ClInclude>
    <ClInclude Include="Modules\ImageFilter\include\ReadImageHead.h">
      <Filter>Header Files</Filter>
    </ClInclude>
    <ClInclude Include="UI\db\include\UISqlMgr.h">
      <Filter>Header Files</Filter>
    </ClInclude>
    <ClInclude Include="Common\include\CommonFunction.h">
      <Filter>Header Files</Filter>
    </ClInclude>
    <ClInclude Include="ContorlLayer\Controler\include\MathematicalGeometryCTL.h">
      <Filter>Header Files</Filter>
    </ClInclude>
    <ClInclude Include="ContorlLayer\DB\include\DicomHeadTable.h">
      <Filter>Header Files</Filter>
    </ClInclude>
    <ClInclude Include="DataSet\Container\MathGeometry.h">
      <Filter>Header Files</Filter>
    </ClInclude>
    <ClInclude Include="Modules\ImageRendering\include\VolumeMathematicalGeometry.h">
      <Filter>Header Files</Filter>
    </ClInclude>
    <ClInclude Include="ContorlLayer\Controler\include\Geometry.hpp">
      <Filter>Header Files</Filter>
    </ClInclude>
    <ClInclude Include="DataSet\include\MathGeometryLine.h">
      <Filter>Header Files</Filter>
    </ClInclude>
    <ClInclude Include="DataSet\include\MathGeometryNode.h">
      <Filter>Header Files</Filter>
    </ClInclude>
    <ClInclude Include="Modules\CommonModule\include\VtkCommonDefine.h">
      <Filter>Header Files</Filter>
    </ClInclude>
    <ClInclude Include="ContorlLayer\Controler\include\RendringControllerBase.h">
      <Filter>Header Files</Filter>
    </ClInclude>
    <ClInclude Include="ContorlLayer\Controler\include\VolumeProperty.h">
      <Filter>Header Files</Filter>
    </ClInclude>
    <ClInclude Include="ContorlLayer\Controler\include\VolumeRenderController.h">
      <Filter>Header Files</Filter>
    </ClInclude>
    <ClInclude Include="GeneratedFiles\ui_VPSettingWidget.h">
      <Filter>Header Files</Filter>
    </ClInclude>
    <ClInclude Include="Tools\include\CommonTools.h">
      <Filter>Header Files</Filter>
    </ClInclude>
    <ClInclude Include="Tools\include\CpuUtilzation.h">
      <Filter>Header Files</Filter>
    </ClInclude>
    <ClInclude Include="Tools\include\UserTools.h">
      <Filter>Header Files</Filter>
    </ClInclude>
    <ClInclude Include="GeneratedFiles\ui_SaveWidget.h">
      <Filter>Header Files</Filter>
    </ClInclude>
    <ClInclude Include="GeneratedFiles\ui_FileWidget.h">
      <Filter>Header Files</Filter>
    </ClInclude>
    <ClInclude Include="ContorlLayer\Controler\include\CalibrationController.h">
      <Filter>Header Files</Filter>
    </ClInclude>
    <ClInclude Include="ContorlLayer\Controler\include\DisplayMessage.h">
      <Filter>Header Files</Filter>
    </ClInclude>
    <ClInclude Include="ContorlLayer\Controler\include\ImageFilterContorller.h">
      <Filter>Header Files</Filter>
    </ClInclude>
    <ClInclude Include="ContorlLayer\Controler\include\RoutePlanningContorller.h">
      <Filter>Header Files</Filter>
    </ClInclude>
    <ClInclude Include="Modules\CalibrationPlate\include\BasicImageProcessing.h">
      <Filter>Header Files</Filter>
    </ClInclude>
    <ClInclude Include="Modules\CalibrationPlate\include\CalibrationPlateCommon.hpp">
      <Filter>Header Files</Filter>
    </ClInclude>
    <ClInclude Include="Modules\CalibrationPlate\include\CalibrationPrecisionParameter.hpp">
      <Filter>Header Files</Filter>
    </ClInclude>
    <ClInclude Include="Modules\CalibrationPlate\include\DevicationFilterInterface.hpp">
      <Filter>Header Files</Filter>
    </ClInclude>
    <ClInclude Include="Modules\CalibrationPlate\include\HullControlParameterInterface.hpp">
      <Filter>Header Files</Filter>
    </ClInclude>
    <ClInclude Include="Modules\CalibrationPlate\include\ImagePointsFilterProcessing.h">
      <Filter>Header Files</Filter>
    </ClInclude>
    <ClInclude Include="Modules\CalibrationPlate\include\OrderingProcessing.h">
      <Filter>Header Files</Filter>
    </ClInclude>
    <ClInclude Include="Modules\CalibrationPlate\include\SobleParameterInterface.hpp">
      <Filter>Header Files</Filter>
    </ClInclude>
    <ClInclude Include="Modules\CalibrationPlate\include\ThresholdParameterInterface.hpp">
      <Filter>Header Files</Filter>
    </ClInclude>
    <ClInclude Include="GeneratedFiles\ui_ModuleWidget.h">
      <Filter>Header Files</Filter>
    </ClInclude>
    <ClInclude Include="GeneratedFiles\ui_CloseDialog.h">
      <Filter>Header Files</Filter>
    </ClInclude>
    <ClInclude Include="GeneratedFiles\ui_LoadWidget.h">
      <Filter>Header Files</Filter>
    </ClInclude>
    <ClInclude Include="GeneratedFiles\ui_LoginPanel.h">
      <Filter>Header Files</Filter>
    </ClInclude>
    <ClInclude Include="GeneratedFiles\ui_LoginWidget.h">
      <Filter>Header Files</Filter>
    </ClInclude>
    <ClInclude Include="GeneratedFiles\ui_TwoDcode.h">
      <Filter>Header Files</Filter>
    </ClInclude>
    <ClInclude Include="GeneratedFiles\ui_AboutUs.h">
      <Filter>Header Files</Filter>
    </ClInclude>
    <ClInclude Include="Modules\CalibrationPlate\include\ClearPointProcessing.h">
      <Filter>Header Files</Filter>
    </ClInclude>
    <ClInclude Include="Modules\CalibrationPlate\include\ExternalCalibrationProcessing.h">
      <Filter>Header Files</Filter>
    </ClInclude>
    <ClInclude Include="GeneratedFiles\ui_PatientCaseAddDialog.h">
      <Filter>Header Files</Filter>
    </ClInclude>
    <ClInclude Include="GeneratedFiles\ui_PatientCaseEditDialog.h">
      <Filter>Header Files</Filter>
    </ClInclude>
    <ClInclude Include="GeneratedFiles\ui_Warning.h">
      <Filter>Header Files</Filter>
    </ClInclude>
  </ItemGroup>
  <ItemGroup>
    <None Include="cpp.hint" />
    <None Include="keepalive.dll" />
    <None Include="keepalive.pdb" />
    <None Include="libeay32.dll" />
    <None Include="libmysql.dll" />
    <None Include="metadata_cache.dll" />
    <None Include="metadata_cache.pdb" />
    <None Include="mysql_protocol.dll" />
    <None Include="mysql_protocol.pdb" />
    <None Include="mysqlcppconn-7-vs14.dll" />
    <None Include="mysqlcppconn8-1-vs14.dll" />
    <None Include="routing.dll" />
    <None Include="routing.pdb" />
    <None Include="sqlite3.dll" />
    <None Include="ssleay32.dll" />
    <None Include="plugin\keepalive.dll" />
    <None Include="plugin\keepalive.pdb" />
    <None Include="plugin\libmysql.dll" />
    <None Include="plugin\metadata_cache.dll" />
    <None Include="plugin\metadata_cache.pdb" />
    <None Include="plugin\mysql_protocol.dll" />
    <None Include="plugin\mysql_protocol.pdb" />
    <None Include="plugin\routing.dll" />
    <None Include="plugin\routing.pdb" />
    <None Include="Framework.db" />
    <None Include="qt_zh_CN.qm" />
  </ItemGroup>
  <ItemGroup>
    <Library Include="libmysql.lib" />
    <Library Include="mysqlclient.lib" />
    <Library Include="mysqlrouter_lib.lib" />
    <Library Include="mysqlservices.lib" />
    <Library Include="plugin\libmysql.lib" />
    <Library Include="plugin\mysqlclient.lib" />
    <Library Include="plugin\mysqlrouter_lib.lib" />
    <Library Include="plugin\mysqlservices.lib" />
  </ItemGroup>
  <ItemGroup>
    <Text Include="README.txt" />
  </ItemGroup>
  <ItemGroup>
    <Image Include="UI\img\RenderWidget\btnSwitchLayer_closed.jpg" />
    <Image Include="UI\img\RenderWidget\btnSwitchLayer_opened.jpg" />
    <Image Include="UI\img\RenderWidget\orientation_x.jpg" />
    <Image Include="UI\img\RenderWidget\orientation_y.jpg" />
    <Image Include="UI\img\RenderWidget\orientation-z.jpg" />
    <Image Include="x64\Debug\img\RenderWidget\btnSwitchLayer_closed.jpg" />
    <Image Include="x64\Debug\img\RenderWidget\btnSwitchLayer_opened.jpg" />
    <Image Include="x64\Debug\img\RenderWidget\orientation_x.jpg" />
    <Image Include="x64\Debug\img\RenderWidget\orientation_y.jpg" />
    <Image Include="x64\Debug\img\RenderWidget\orientation-z.jpg" />
    <Image Include="UI\img\RenderWidget\orientation_z.jpg" />
    <Image Include="UI\img\RenderWidget\orientation_x.png" />
    <Image Include="UI\img\RenderWidget\orientation_y.png" />
    <Image Include="UI\img\RenderWidget\orientation_z.png" />
  </ItemGroup>
</Project>